
Microsoft Visual Studio Solution File, Format Version 12.00
# Visual Studio 14
VisualStudioVersion = 14.0.25420.1
MinimumVisualStudioVersion = 10.0.40219.1
Project("{D954291E-2A0B-460D-934E-DC6B0785DB48}") = "WayFinder", "WayFinder\WayFinder\WayFinder.shproj", "{BF59C965-AA97-4D02-A013-B9824164B15D}"
EndProject
Project("{FAE04EC0-301F-11D3-BF4B-00C04F79EFBC}") = "WayFinder.Droid", "WayFinder\WayFinder.Droid\WayFinder.Droid.csproj", "{33FA0AE8-0E63-4159-B7E8-100F84FC7739}"
EndProject
Project("{FAE04EC0-301F-11D3-BF4B-00C04F79EFBC}") = "WayFinder.iOS", "WayFinder\WayFinder.iOS\WayFinder.iOS.csproj", "{46A41894-4281-4D6D-BDAD-E66C81FFFD8C}"
EndProject
Project("{FAE04EC0-301F-11D3-BF4B-00C04F79EFBC}") = "WayFinder.WinPhone", "WayFinder\WayFinder.WinPhone\WayFinder.WinPhone.csproj", "{D36FB07C-974D-41EB-AAF5-7B300EA112E5}"
EndProject
Project("{FAE04EC0-301F-11D3-BF4B-00C04F79EFBC}") = "WayFinder.UWP", "WayFinder\WayFinder.UWP\WayFinder.UWP.csproj", "{3C64A5D8-1FD6-40C2-86C1-B7DF2A67383B}"
EndProject
Project("{FAE04EC0-301F-11D3-BF4B-00C04F79EFBC}") = "WayFinder.Windows", "WayFinder\WayFinder.Windows\WayFinder.Windows.csproj", "{59013653-DE32-448F-8B87-6CCC764DD6F2}"
EndProject
Project("{2150E333-8FDC-42A3-9474-1A3956D46DE8}") = "Android", "Android", "{098738CE-9224-47FF-9669-3F64FA4ED1FD}"
EndProject
Project("{FAE04EC0-301F-11D3-BF4B-00C04F79EFBC}") = "WayFinder.GPS", "WayFinder.GPS\WayFinder.GPS.csproj", "{EF6676CD-FD71-4713-B8A3-454AB1925CF3}"
EndProject
Project("{2150E333-8FDC-42A3-9474-1A3956D46DE8}") = "Service", "Service", "{C4A81B4C-B853-4997-AC06-CF017C621E4E}"
EndProject
Project("{8BB2217D-0F2D-49D1-97BC-3654ED321F3B}") = "WayFinder.Api", "WayFinder.Api\WayFinder.Api.xproj", "{31E7B92B-FCC5-4B7B-AA20-37AA9C365629}"
EndProject
Project("{8BB2217D-0F2D-49D1-97BC-3654ED321F3B}") = "WayFinder.Service", "WayFinder.Service\WayFinder.Service.xproj", "{CDD4EA46-214D-45EC-9211-CA8E71D7C310}"
EndProject
Project("{FAE04EC0-301F-11D3-BF4B-00C04F79EFBC}") = "WayFinderEx", "WayFinderEx\WayFinderEx.csproj", "{F08DAAD5-5306-430A-A4F3-771991ABB42D}"
EndProject
Global
	GlobalSection(SharedMSBuildProjectFiles) = preSolution
		WayFinder\WayFinder\WayFinder.projitems*{33fa0ae8-0e63-4159-b7e8-100f84fc7739}*SharedItemsImports = 4
		WayFinder\WayFinder\WayFinder.projitems*{3c64a5d8-1fd6-40c2-86c1-b7df2a67383b}*SharedItemsImports = 4
		WayFinder\WayFinder\WayFinder.projitems*{46a41894-4281-4d6d-bdad-e66c81fffd8c}*SharedItemsImports = 4
		WayFinder\WayFinder\WayFinder.projitems*{59013653-de32-448f-8b87-6ccc764dd6f2}*SharedItemsImports = 4
		WayFinder\WayFinder\WayFinder.projitems*{bf59c965-aa97-4d02-a013-b9824164b15d}*SharedItemsImports = 13
		WayFinder\WayFinder\WayFinder.projitems*{d36fb07c-974d-41eb-aaf5-7b300ea112e5}*SharedItemsImports = 4
	EndGlobalSection
	GlobalSection(SolutionConfigurationPlatforms) = preSolution
		Ad-Hoc|Any CPU = Ad-Hoc|Any CPU
		Ad-Hoc|ARM = Ad-Hoc|ARM
		Ad-Hoc|iPhone = Ad-Hoc|iPhone
		Ad-Hoc|iPhoneSimulator = Ad-Hoc|iPhoneSimulator
		Ad-Hoc|x64 = Ad-Hoc|x64
		Ad-Hoc|x86 = Ad-Hoc|x86
		AppStore|Any CPU = AppStore|Any CPU
		AppStore|ARM = AppStore|ARM
		AppStore|iPhone = AppStore|iPhone
		AppStore|iPhoneSimulator = AppStore|iPhoneSimulator
		AppStore|x64 = AppStore|x64
		AppStore|x86 = AppStore|x86
		Debug|Any CPU = Debug|Any CPU
		Debug|ARM = Debug|ARM
		Debug|iPhone = Debug|iPhone
		Debug|iPhoneSimulator = Debug|iPhoneSimulator
		Debug|x64 = Debug|x64
		Debug|x86 = Debug|x86
		Release|Any CPU = Release|Any CPU
		Release|ARM = Release|ARM
		Release|iPhone = Release|iPhone
		Release|iPhoneSimulator = Release|iPhoneSimulator
		Release|x64 = Release|x64
		Release|x86 = Release|x86
	EndGlobalSection
	GlobalSection(ProjectConfigurationPlatforms) = postSolution
		{33FA0AE8-0E63-4159-B7E8-100F84FC7739}.Ad-Hoc|Any CPU.ActiveCfg = Release|Any CPU
		{33FA0AE8-0E63-4159-B7E8-100F84FC7739}.Ad-Hoc|Any CPU.Build.0 = Release|Any CPU
		{33FA0AE8-0E63-4159-B7E8-100F84FC7739}.Ad-Hoc|Any CPU.Deploy.0 = Release|Any CPU
		{33FA0AE8-0E63-4159-B7E8-100F84FC7739}.Ad-Hoc|ARM.ActiveCfg = Release|Any CPU
		{33FA0AE8-0E63-4159-B7E8-100F84FC7739}.Ad-Hoc|ARM.Build.0 = Release|Any CPU
		{33FA0AE8-0E63-4159-B7E8-100F84FC7739}.Ad-Hoc|ARM.Deploy.0 = Release|Any CPU
		{33FA0AE8-0E63-4159-B7E8-100F84FC7739}.Ad-Hoc|iPhone.ActiveCfg = Release|Any CPU
		{33FA0AE8-0E63-4159-B7E8-100F84FC7739}.Ad-Hoc|iPhone.Build.0 = Release|Any CPU
		{33FA0AE8-0E63-4159-B7E8-100F84FC7739}.Ad-Hoc|iPhone.Deploy.0 = Release|Any CPU
		{33FA0AE8-0E63-4159-B7E8-100F84FC7739}.Ad-Hoc|iPhoneSimulator.ActiveCfg = Release|Any CPU
		{33FA0AE8-0E63-4159-B7E8-100F84FC7739}.Ad-Hoc|iPhoneSimulator.Build.0 = Release|Any CPU
		{33FA0AE8-0E63-4159-B7E8-100F84FC7739}.Ad-Hoc|iPhoneSimulator.Deploy.0 = Release|Any CPU
		{33FA0AE8-0E63-4159-B7E8-100F84FC7739}.Ad-Hoc|x64.ActiveCfg = Release|Any CPU
		{33FA0AE8-0E63-4159-B7E8-100F84FC7739}.Ad-Hoc|x64.Build.0 = Release|Any CPU
		{33FA0AE8-0E63-4159-B7E8-100F84FC7739}.Ad-Hoc|x64.Deploy.0 = Release|Any CPU
		{33FA0AE8-0E63-4159-B7E8-100F84FC7739}.Ad-Hoc|x86.ActiveCfg = Release|Any CPU
		{33FA0AE8-0E63-4159-B7E8-100F84FC7739}.Ad-Hoc|x86.Build.0 = Release|Any CPU
		{33FA0AE8-0E63-4159-B7E8-100F84FC7739}.Ad-Hoc|x86.Deploy.0 = Release|Any CPU
		{33FA0AE8-0E63-4159-B7E8-100F84FC7739}.AppStore|Any CPU.ActiveCfg = Release|Any CPU
		{33FA0AE8-0E63-4159-B7E8-100F84FC7739}.AppStore|Any CPU.Build.0 = Release|Any CPU
		{33FA0AE8-0E63-4159-B7E8-100F84FC7739}.AppStore|Any CPU.Deploy.0 = Release|Any CPU
		{33FA0AE8-0E63-4159-B7E8-100F84FC7739}.AppStore|ARM.ActiveCfg = Release|Any CPU
		{33FA0AE8-0E63-4159-B7E8-100F84FC7739}.AppStore|ARM.Build.0 = Release|Any CPU
		{33FA0AE8-0E63-4159-B7E8-100F84FC7739}.AppStore|ARM.Deploy.0 = Release|Any CPU
		{33FA0AE8-0E63-4159-B7E8-100F84FC7739}.AppStore|iPhone.ActiveCfg = Release|Any CPU
		{33FA0AE8-0E63-4159-B7E8-100F84FC7739}.AppStore|iPhone.Build.0 = Release|Any CPU
		{33FA0AE8-0E63-4159-B7E8-100F84FC7739}.AppStore|iPhone.Deploy.0 = Release|Any CPU
		{33FA0AE8-0E63-4159-B7E8-100F84FC7739}.AppStore|iPhoneSimulator.ActiveCfg = Release|Any CPU
		{33FA0AE8-0E63-4159-B7E8-100F84FC7739}.AppStore|iPhoneSimulator.Build.0 = Release|Any CPU
		{33FA0AE8-0E63-4159-B7E8-100F84FC7739}.AppStore|iPhoneSimulator.Deploy.0 = Release|Any CPU
		{33FA0AE8-0E63-4159-B7E8-100F84FC7739}.AppStore|x64.ActiveCfg = Release|Any CPU
		{33FA0AE8-0E63-4159-B7E8-100F84FC7739}.AppStore|x64.Build.0 = Release|Any CPU
		{33FA0AE8-0E63-4159-B7E8-100F84FC7739}.AppStore|x64.Deploy.0 = Release|Any CPU
		{33FA0AE8-0E63-4159-B7E8-100F84FC7739}.AppStore|x86.ActiveCfg = Release|Any CPU
		{33FA0AE8-0E63-4159-B7E8-100F84FC7739}.AppStore|x86.Build.0 = Release|Any CPU
		{33FA0AE8-0E63-4159-B7E8-100F84FC7739}.AppStore|x86.Deploy.0 = Release|Any CPU
		{33FA0AE8-0E63-4159-B7E8-100F84FC7739}.Debug|Any CPU.ActiveCfg = Debug|Any CPU
		{33FA0AE8-0E63-4159-B7E8-100F84FC7739}.Debug|Any CPU.Build.0 = Debug|Any CPU
		{33FA0AE8-0E63-4159-B7E8-100F84FC7739}.Debug|Any CPU.Deploy.0 = Debug|Any CPU
		{33FA0AE8-0E63-4159-B7E8-100F84FC7739}.Debug|ARM.ActiveCfg = Debug|Any CPU
		{33FA0AE8-0E63-4159-B7E8-100F84FC7739}.Debug|ARM.Build.0 = Debug|Any CPU
		{33FA0AE8-0E63-4159-B7E8-100F84FC7739}.Debug|ARM.Deploy.0 = Debug|Any CPU
		{33FA0AE8-0E63-4159-B7E8-100F84FC7739}.Debug|iPhone.ActiveCfg = Debug|Any CPU
		{33FA0AE8-0E63-4159-B7E8-100F84FC7739}.Debug|iPhone.Build.0 = Debug|Any CPU
		{33FA0AE8-0E63-4159-B7E8-100F84FC7739}.Debug|iPhone.Deploy.0 = Debug|Any CPU
		{33FA0AE8-0E63-4159-B7E8-100F84FC7739}.Debug|iPhoneSimulator.ActiveCfg = Debug|Any CPU
		{33FA0AE8-0E63-4159-B7E8-100F84FC7739}.Debug|iPhoneSimulator.Build.0 = Debug|Any CPU
		{33FA0AE8-0E63-4159-B7E8-100F84FC7739}.Debug|iPhoneSimulator.Deploy.0 = Debug|Any CPU
		{33FA0AE8-0E63-4159-B7E8-100F84FC7739}.Debug|x64.ActiveCfg = Debug|Any CPU
		{33FA0AE8-0E63-4159-B7E8-100F84FC7739}.Debug|x64.Build.0 = Debug|Any CPU
		{33FA0AE8-0E63-4159-B7E8-100F84FC7739}.Debug|x64.Deploy.0 = Debug|Any CPU
		{33FA0AE8-0E63-4159-B7E8-100F84FC7739}.Debug|x86.ActiveCfg = Debug|Any CPU
		{33FA0AE8-0E63-4159-B7E8-100F84FC7739}.Debug|x86.Build.0 = Debug|Any CPU
		{33FA0AE8-0E63-4159-B7E8-100F84FC7739}.Debug|x86.Deploy.0 = Debug|Any CPU
		{33FA0AE8-0E63-4159-B7E8-100F84FC7739}.Release|Any CPU.ActiveCfg = Release|Any CPU
		{33FA0AE8-0E63-4159-B7E8-100F84FC7739}.Release|Any CPU.Build.0 = Release|Any CPU
		{33FA0AE8-0E63-4159-B7E8-100F84FC7739}.Release|Any CPU.Deploy.0 = Release|Any CPU
		{33FA0AE8-0E63-4159-B7E8-100F84FC7739}.Release|ARM.ActiveCfg = Release|Any CPU
		{33FA0AE8-0E63-4159-B7E8-100F84FC7739}.Release|ARM.Build.0 = Release|Any CPU
		{33FA0AE8-0E63-4159-B7E8-100F84FC7739}.Release|ARM.Deploy.0 = Release|Any CPU
		{33FA0AE8-0E63-4159-B7E8-100F84FC7739}.Release|iPhone.ActiveCfg = Release|Any CPU
		{33FA0AE8-0E63-4159-B7E8-100F84FC7739}.Release|iPhone.Build.0 = Release|Any CPU
		{33FA0AE8-0E63-4159-B7E8-100F84FC7739}.Release|iPhone.Deploy.0 = Release|Any CPU
		{33FA0AE8-0E63-4159-B7E8-100F84FC7739}.Release|iPhoneSimulator.ActiveCfg = Release|Any CPU
		{33FA0AE8-0E63-4159-B7E8-100F84FC7739}.Release|iPhoneSimulator.Build.0 = Release|Any CPU
		{33FA0AE8-0E63-4159-B7E8-100F84FC7739}.Release|iPhoneSimulator.Deploy.0 = Release|Any CPU
		{33FA0AE8-0E63-4159-B7E8-100F84FC7739}.Release|x64.ActiveCfg = Release|Any CPU
		{33FA0AE8-0E63-4159-B7E8-100F84FC7739}.Release|x64.Build.0 = Release|Any CPU
		{33FA0AE8-0E63-4159-B7E8-100F84FC7739}.Release|x64.Deploy.0 = Release|Any CPU
		{33FA0AE8-0E63-4159-B7E8-100F84FC7739}.Release|x86.ActiveCfg = Release|Any CPU
		{33FA0AE8-0E63-4159-B7E8-100F84FC7739}.Release|x86.Build.0 = Release|Any CPU
		{33FA0AE8-0E63-4159-B7E8-100F84FC7739}.Release|x86.Deploy.0 = Release|Any CPU
		{46A41894-4281-4D6D-BDAD-E66C81FFFD8C}.Ad-Hoc|Any CPU.ActiveCfg = Ad-Hoc|iPhone
		{46A41894-4281-4D6D-BDAD-E66C81FFFD8C}.Ad-Hoc|ARM.ActiveCfg = Ad-Hoc|iPhone
		{46A41894-4281-4D6D-BDAD-E66C81FFFD8C}.Ad-Hoc|iPhone.ActiveCfg = Ad-Hoc|iPhone
		{46A41894-4281-4D6D-BDAD-E66C81FFFD8C}.Ad-Hoc|iPhone.Build.0 = Ad-Hoc|iPhone
		{46A41894-4281-4D6D-BDAD-E66C81FFFD8C}.Ad-Hoc|iPhoneSimulator.ActiveCfg = Ad-Hoc|iPhoneSimulator
		{46A41894-4281-4D6D-BDAD-E66C81FFFD8C}.Ad-Hoc|iPhoneSimulator.Build.0 = Ad-Hoc|iPhoneSimulator
		{46A41894-4281-4D6D-BDAD-E66C81FFFD8C}.Ad-Hoc|x64.ActiveCfg = Ad-Hoc|iPhone
		{46A41894-4281-4D6D-BDAD-E66C81FFFD8C}.Ad-Hoc|x86.ActiveCfg = Ad-Hoc|iPhone
		{46A41894-4281-4D6D-BDAD-E66C81FFFD8C}.AppStore|Any CPU.ActiveCfg = AppStore|iPhone
		{46A41894-4281-4D6D-BDAD-E66C81FFFD8C}.AppStore|ARM.ActiveCfg = AppStore|iPhone
		{46A41894-4281-4D6D-BDAD-E66C81FFFD8C}.AppStore|iPhone.ActiveCfg = AppStore|iPhone
		{46A41894-4281-4D6D-BDAD-E66C81FFFD8C}.AppStore|iPhone.Build.0 = AppStore|iPhone
		{46A41894-4281-4D6D-BDAD-E66C81FFFD8C}.AppStore|iPhoneSimulator.ActiveCfg = AppStore|iPhoneSimulator
		{46A41894-4281-4D6D-BDAD-E66C81FFFD8C}.AppStore|iPhoneSimulator.Build.0 = AppStore|iPhoneSimulator
		{46A41894-4281-4D6D-BDAD-E66C81FFFD8C}.AppStore|x64.ActiveCfg = AppStore|iPhone
		{46A41894-4281-4D6D-BDAD-E66C81FFFD8C}.AppStore|x86.ActiveCfg = AppStore|iPhone
		{46A41894-4281-4D6D-BDAD-E66C81FFFD8C}.Debug|Any CPU.ActiveCfg = Debug|iPhone
		{46A41894-4281-4D6D-BDAD-E66C81FFFD8C}.Debug|ARM.ActiveCfg = Debug|iPhone
		{46A41894-4281-4D6D-BDAD-E66C81FFFD8C}.Debug|iPhone.ActiveCfg = Debug|iPhone
		{46A41894-4281-4D6D-BDAD-E66C81FFFD8C}.Debug|iPhone.Build.0 = Debug|iPhone
		{46A41894-4281-4D6D-BDAD-E66C81FFFD8C}.Debug|iPhoneSimulator.ActiveCfg = Debug|iPhoneSimulator
		{46A41894-4281-4D6D-BDAD-E66C81FFFD8C}.Debug|iPhoneSimulator.Build.0 = Debug|iPhoneSimulator
		{46A41894-4281-4D6D-BDAD-E66C81FFFD8C}.Debug|x64.ActiveCfg = Debug|iPhone
		{46A41894-4281-4D6D-BDAD-E66C81FFFD8C}.Debug|x86.ActiveCfg = Debug|iPhone
		{46A41894-4281-4D6D-BDAD-E66C81FFFD8C}.Release|Any CPU.ActiveCfg = Release|iPhone
		{46A41894-4281-4D6D-BDAD-E66C81FFFD8C}.Release|ARM.ActiveCfg = Release|iPhone
		{46A41894-4281-4D6D-BDAD-E66C81FFFD8C}.Release|iPhone.ActiveCfg = Release|iPhone
		{46A41894-4281-4D6D-BDAD-E66C81FFFD8C}.Release|iPhone.Build.0 = Release|iPhone
		{46A41894-4281-4D6D-BDAD-E66C81FFFD8C}.Release|iPhoneSimulator.ActiveCfg = Release|iPhoneSimulator
		{46A41894-4281-4D6D-BDAD-E66C81FFFD8C}.Release|iPhoneSimulator.Build.0 = Release|iPhoneSimulator
		{46A41894-4281-4D6D-BDAD-E66C81FFFD8C}.Release|x64.ActiveCfg = Release|iPhone
		{46A41894-4281-4D6D-BDAD-E66C81FFFD8C}.Release|x86.ActiveCfg = Release|iPhone
		{D36FB07C-974D-41EB-AAF5-7B300EA112E5}.Ad-Hoc|Any CPU.ActiveCfg = Release|Any CPU
		{D36FB07C-974D-41EB-AAF5-7B300EA112E5}.Ad-Hoc|Any CPU.Build.0 = Release|Any CPU
		{D36FB07C-974D-41EB-AAF5-7B300EA112E5}.Ad-Hoc|Any CPU.Deploy.0 = Release|Any CPU
		{D36FB07C-974D-41EB-AAF5-7B300EA112E5}.Ad-Hoc|ARM.ActiveCfg = Release|ARM
		{D36FB07C-974D-41EB-AAF5-7B300EA112E5}.Ad-Hoc|ARM.Build.0 = Release|ARM
		{D36FB07C-974D-41EB-AAF5-7B300EA112E5}.Ad-Hoc|ARM.Deploy.0 = Release|ARM
		{D36FB07C-974D-41EB-AAF5-7B300EA112E5}.Ad-Hoc|iPhone.ActiveCfg = Release|Any CPU
		{D36FB07C-974D-41EB-AAF5-7B300EA112E5}.Ad-Hoc|iPhone.Build.0 = Release|Any CPU
		{D36FB07C-974D-41EB-AAF5-7B300EA112E5}.Ad-Hoc|iPhone.Deploy.0 = Release|Any CPU
		{D36FB07C-974D-41EB-AAF5-7B300EA112E5}.Ad-Hoc|iPhoneSimulator.ActiveCfg = Release|Any CPU
		{D36FB07C-974D-41EB-AAF5-7B300EA112E5}.Ad-Hoc|iPhoneSimulator.Build.0 = Release|Any CPU
		{D36FB07C-974D-41EB-AAF5-7B300EA112E5}.Ad-Hoc|iPhoneSimulator.Deploy.0 = Release|Any CPU
		{D36FB07C-974D-41EB-AAF5-7B300EA112E5}.Ad-Hoc|x64.ActiveCfg = Release|Any CPU
		{D36FB07C-974D-41EB-AAF5-7B300EA112E5}.Ad-Hoc|x64.Build.0 = Release|Any CPU
		{D36FB07C-974D-41EB-AAF5-7B300EA112E5}.Ad-Hoc|x64.Deploy.0 = Release|Any CPU
		{D36FB07C-974D-41EB-AAF5-7B300EA112E5}.Ad-Hoc|x86.ActiveCfg = Release|x86
		{D36FB07C-974D-41EB-AAF5-7B300EA112E5}.Ad-Hoc|x86.Build.0 = Release|x86
		{D36FB07C-974D-41EB-AAF5-7B300EA112E5}.Ad-Hoc|x86.Deploy.0 = Release|x86
		{D36FB07C-974D-41EB-AAF5-7B300EA112E5}.AppStore|Any CPU.ActiveCfg = Release|Any CPU
		{D36FB07C-974D-41EB-AAF5-7B300EA112E5}.AppStore|Any CPU.Build.0 = Release|Any CPU
		{D36FB07C-974D-41EB-AAF5-7B300EA112E5}.AppStore|Any CPU.Deploy.0 = Release|Any CPU
		{D36FB07C-974D-41EB-AAF5-7B300EA112E5}.AppStore|ARM.ActiveCfg = Release|ARM
		{D36FB07C-974D-41EB-AAF5-7B300EA112E5}.AppStore|ARM.Build.0 = Release|ARM
		{D36FB07C-974D-41EB-AAF5-7B300EA112E5}.AppStore|ARM.Deploy.0 = Release|ARM
		{D36FB07C-974D-41EB-AAF5-7B300EA112E5}.AppStore|iPhone.ActiveCfg = Release|Any CPU
		{D36FB07C-974D-41EB-AAF5-7B300EA112E5}.AppStore|iPhone.Build.0 = Release|Any CPU
		{D36FB07C-974D-41EB-AAF5-7B300EA112E5}.AppStore|iPhone.Deploy.0 = Release|Any CPU
		{D36FB07C-974D-41EB-AAF5-7B300EA112E5}.AppStore|iPhoneSimulator.ActiveCfg = Release|Any CPU
		{D36FB07C-974D-41EB-AAF5-7B300EA112E5}.AppStore|iPhoneSimulator.Build.0 = Release|Any CPU
		{D36FB07C-974D-41EB-AAF5-7B300EA112E5}.AppStore|iPhoneSimulator.Deploy.0 = Release|Any CPU
		{D36FB07C-974D-41EB-AAF5-7B300EA112E5}.AppStore|x64.ActiveCfg = Release|Any CPU
		{D36FB07C-974D-41EB-AAF5-7B300EA112E5}.AppStore|x64.Build.0 = Release|Any CPU
		{D36FB07C-974D-41EB-AAF5-7B300EA112E5}.AppStore|x64.Deploy.0 = Release|Any CPU
		{D36FB07C-974D-41EB-AAF5-7B300EA112E5}.AppStore|x86.ActiveCfg = Release|x86
		{D36FB07C-974D-41EB-AAF5-7B300EA112E5}.AppStore|x86.Build.0 = Release|x86
		{D36FB07C-974D-41EB-AAF5-7B300EA112E5}.AppStore|x86.Deploy.0 = Release|x86
		{D36FB07C-974D-41EB-AAF5-7B300EA112E5}.Debug|Any CPU.ActiveCfg = Debug|Any CPU
		{D36FB07C-974D-41EB-AAF5-7B300EA112E5}.Debug|Any CPU.Build.0 = Debug|Any CPU
		{D36FB07C-974D-41EB-AAF5-7B300EA112E5}.Debug|Any CPU.Deploy.0 = Debug|Any CPU
		{D36FB07C-974D-41EB-AAF5-7B300EA112E5}.Debug|ARM.ActiveCfg = Debug|ARM
		{D36FB07C-974D-41EB-AAF5-7B300EA112E5}.Debug|ARM.Build.0 = Debug|ARM
		{D36FB07C-974D-41EB-AAF5-7B300EA112E5}.Debug|ARM.Deploy.0 = Debug|ARM
		{D36FB07C-974D-41EB-AAF5-7B300EA112E5}.Debug|iPhone.ActiveCfg = Debug|Any CPU
		{D36FB07C-974D-41EB-AAF5-7B300EA112E5}.Debug|iPhone.Build.0 = Debug|Any CPU
		{D36FB07C-974D-41EB-AAF5-7B300EA112E5}.Debug|iPhone.Deploy.0 = Debug|Any CPU
		{D36FB07C-974D-41EB-AAF5-7B300EA112E5}.Debug|iPhoneSimulator.ActiveCfg = Debug|Any CPU
		{D36FB07C-974D-41EB-AAF5-7B300EA112E5}.Debug|iPhoneSimulator.Build.0 = Debug|Any CPU
		{D36FB07C-974D-41EB-AAF5-7B300EA112E5}.Debug|iPhoneSimulator.Deploy.0 = Debug|Any CPU
		{D36FB07C-974D-41EB-AAF5-7B300EA112E5}.Debug|x64.ActiveCfg = Debug|Any CPU
		{D36FB07C-974D-41EB-AAF5-7B300EA112E5}.Debug|x64.Build.0 = Debug|Any CPU
		{D36FB07C-974D-41EB-AAF5-7B300EA112E5}.Debug|x64.Deploy.0 = Debug|Any CPU
		{D36FB07C-974D-41EB-AAF5-7B300EA112E5}.Debug|x86.ActiveCfg = Debug|x86
		{D36FB07C-974D-41EB-AAF5-7B300EA112E5}.Debug|x86.Build.0 = Debug|x86
		{D36FB07C-974D-41EB-AAF5-7B300EA112E5}.Debug|x86.Deploy.0 = Debug|x86
		{D36FB07C-974D-41EB-AAF5-7B300EA112E5}.Release|Any CPU.ActiveCfg = Release|Any CPU
		{D36FB07C-974D-41EB-AAF5-7B300EA112E5}.Release|Any CPU.Build.0 = Release|Any CPU
		{D36FB07C-974D-41EB-AAF5-7B300EA112E5}.Release|Any CPU.Deploy.0 = Release|Any CPU
		{D36FB07C-974D-41EB-AAF5-7B300EA112E5}.Release|ARM.ActiveCfg = Release|ARM
		{D36FB07C-974D-41EB-AAF5-7B300EA112E5}.Release|ARM.Build.0 = Release|ARM
		{D36FB07C-974D-41EB-AAF5-7B300EA112E5}.Release|ARM.Deploy.0 = Release|ARM
		{D36FB07C-974D-41EB-AAF5-7B300EA112E5}.Release|iPhone.ActiveCfg = Release|Any CPU
		{D36FB07C-974D-41EB-AAF5-7B300EA112E5}.Release|iPhone.Build.0 = Release|Any CPU
		{D36FB07C-974D-41EB-AAF5-7B300EA112E5}.Release|iPhone.Deploy.0 = Release|Any CPU
		{D36FB07C-974D-41EB-AAF5-7B300EA112E5}.Release|iPhoneSimulator.ActiveCfg = Release|Any CPU
		{D36FB07C-974D-41EB-AAF5-7B300EA112E5}.Release|iPhoneSimulator.Build.0 = Release|Any CPU
		{D36FB07C-974D-41EB-AAF5-7B300EA112E5}.Release|iPhoneSimulator.Deploy.0 = Release|Any CPU
		{D36FB07C-974D-41EB-AAF5-7B300EA112E5}.Release|x64.ActiveCfg = Release|Any CPU
		{D36FB07C-974D-41EB-AAF5-7B300EA112E5}.Release|x64.Build.0 = Release|Any CPU
		{D36FB07C-974D-41EB-AAF5-7B300EA112E5}.Release|x64.Deploy.0 = Release|Any CPU
		{D36FB07C-974D-41EB-AAF5-7B300EA112E5}.Release|x86.ActiveCfg = Release|x86
		{D36FB07C-974D-41EB-AAF5-7B300EA112E5}.Release|x86.Build.0 = Release|x86
		{D36FB07C-974D-41EB-AAF5-7B300EA112E5}.Release|x86.Deploy.0 = Release|x86
		{3C64A5D8-1FD6-40C2-86C1-B7DF2A67383B}.Ad-Hoc|Any CPU.ActiveCfg = Release|x86
		{3C64A5D8-1FD6-40C2-86C1-B7DF2A67383B}.Ad-Hoc|Any CPU.Build.0 = Release|x86
		{3C64A5D8-1FD6-40C2-86C1-B7DF2A67383B}.Ad-Hoc|Any CPU.Deploy.0 = Release|x86
		{3C64A5D8-1FD6-40C2-86C1-B7DF2A67383B}.Ad-Hoc|ARM.ActiveCfg = Release|ARM
		{3C64A5D8-1FD6-40C2-86C1-B7DF2A67383B}.Ad-Hoc|ARM.Build.0 = Release|ARM
		{3C64A5D8-1FD6-40C2-86C1-B7DF2A67383B}.Ad-Hoc|ARM.Deploy.0 = Release|ARM
		{3C64A5D8-1FD6-40C2-86C1-B7DF2A67383B}.Ad-Hoc|iPhone.ActiveCfg = Release|x86
		{3C64A5D8-1FD6-40C2-86C1-B7DF2A67383B}.Ad-Hoc|iPhone.Build.0 = Release|x86
		{3C64A5D8-1FD6-40C2-86C1-B7DF2A67383B}.Ad-Hoc|iPhone.Deploy.0 = Release|x86
		{3C64A5D8-1FD6-40C2-86C1-B7DF2A67383B}.Ad-Hoc|iPhoneSimulator.ActiveCfg = Release|x86
		{3C64A5D8-1FD6-40C2-86C1-B7DF2A67383B}.Ad-Hoc|iPhoneSimulator.Build.0 = Release|x86
		{3C64A5D8-1FD6-40C2-86C1-B7DF2A67383B}.Ad-Hoc|iPhoneSimulator.Deploy.0 = Release|x86
		{3C64A5D8-1FD6-40C2-86C1-B7DF2A67383B}.Ad-Hoc|x64.ActiveCfg = Release|x64
		{3C64A5D8-1FD6-40C2-86C1-B7DF2A67383B}.Ad-Hoc|x64.Build.0 = Release|x64
		{3C64A5D8-1FD6-40C2-86C1-B7DF2A67383B}.Ad-Hoc|x64.Deploy.0 = Release|x64
		{3C64A5D8-1FD6-40C2-86C1-B7DF2A67383B}.Ad-Hoc|x86.ActiveCfg = Release|x86
		{3C64A5D8-1FD6-40C2-86C1-B7DF2A67383B}.Ad-Hoc|x86.Build.0 = Release|x86
		{3C64A5D8-1FD6-40C2-86C1-B7DF2A67383B}.Ad-Hoc|x86.Deploy.0 = Release|x86
		{3C64A5D8-1FD6-40C2-86C1-B7DF2A67383B}.AppStore|Any CPU.ActiveCfg = Release|x86
		{3C64A5D8-1FD6-40C2-86C1-B7DF2A67383B}.AppStore|Any CPU.Build.0 = Release|x86
		{3C64A5D8-1FD6-40C2-86C1-B7DF2A67383B}.AppStore|Any CPU.Deploy.0 = Release|x86
		{3C64A5D8-1FD6-40C2-86C1-B7DF2A67383B}.AppStore|ARM.ActiveCfg = Release|ARM
		{3C64A5D8-1FD6-40C2-86C1-B7DF2A67383B}.AppStore|ARM.Build.0 = Release|ARM
		{3C64A5D8-1FD6-40C2-86C1-B7DF2A67383B}.AppStore|ARM.Deploy.0 = Release|ARM
		{3C64A5D8-1FD6-40C2-86C1-B7DF2A67383B}.AppStore|iPhone.ActiveCfg = Release|x86
		{3C64A5D8-1FD6-40C2-86C1-B7DF2A67383B}.AppStore|iPhone.Build.0 = Release|x86
		{3C64A5D8-1FD6-40C2-86C1-B7DF2A67383B}.AppStore|iPhone.Deploy.0 = Release|x86
		{3C64A5D8-1FD6-40C2-86C1-B7DF2A67383B}.AppStore|iPhoneSimulator.ActiveCfg = Release|x86
		{3C64A5D8-1FD6-40C2-86C1-B7DF2A67383B}.AppStore|iPhoneSimulator.Build.0 = Release|x86
		{3C64A5D8-1FD6-40C2-86C1-B7DF2A67383B}.AppStore|iPhoneSimulator.Deploy.0 = Release|x86
		{3C64A5D8-1FD6-40C2-86C1-B7DF2A67383B}.AppStore|x64.ActiveCfg = Release|x64
		{3C64A5D8-1FD6-40C2-86C1-B7DF2A67383B}.AppStore|x64.Build.0 = Release|x64
		{3C64A5D8-1FD6-40C2-86C1-B7DF2A67383B}.AppStore|x64.Deploy.0 = Release|x64
		{3C64A5D8-1FD6-40C2-86C1-B7DF2A67383B}.AppStore|x86.ActiveCfg = Release|x86
		{3C64A5D8-1FD6-40C2-86C1-B7DF2A67383B}.AppStore|x86.Build.0 = Release|x86
		{3C64A5D8-1FD6-40C2-86C1-B7DF2A67383B}.AppStore|x86.Deploy.0 = Release|x86
		{3C64A5D8-1FD6-40C2-86C1-B7DF2A67383B}.Debug|Any CPU.ActiveCfg = Debug|x86
		{3C64A5D8-1FD6-40C2-86C1-B7DF2A67383B}.Debug|ARM.ActiveCfg = Debug|ARM
		{3C64A5D8-1FD6-40C2-86C1-B7DF2A67383B}.Debug|ARM.Build.0 = Debug|ARM
		{3C64A5D8-1FD6-40C2-86C1-B7DF2A67383B}.Debug|ARM.Deploy.0 = Debug|ARM
		{3C64A5D8-1FD6-40C2-86C1-B7DF2A67383B}.Debug|iPhone.ActiveCfg = Debug|x86
		{3C64A5D8-1FD6-40C2-86C1-B7DF2A67383B}.Debug|iPhoneSimulator.ActiveCfg = Debug|x86
		{3C64A5D8-1FD6-40C2-86C1-B7DF2A67383B}.Debug|x64.ActiveCfg = Debug|x64
		{3C64A5D8-1FD6-40C2-86C1-B7DF2A67383B}.Debug|x64.Build.0 = Debug|x64
		{3C64A5D8-1FD6-40C2-86C1-B7DF2A67383B}.Debug|x64.Deploy.0 = Debug|x64
		{3C64A5D8-1FD6-40C2-86C1-B7DF2A67383B}.Debug|x86.ActiveCfg = Debug|x86
		{3C64A5D8-1FD6-40C2-86C1-B7DF2A67383B}.Debug|x86.Build.0 = Debug|x86
		{3C64A5D8-1FD6-40C2-86C1-B7DF2A67383B}.Debug|x86.Deploy.0 = Debug|x86
		{3C64A5D8-1FD6-40C2-86C1-B7DF2A67383B}.Release|Any CPU.ActiveCfg = Release|x86
		{3C64A5D8-1FD6-40C2-86C1-B7DF2A67383B}.Release|ARM.ActiveCfg = Release|ARM
		{3C64A5D8-1FD6-40C2-86C1-B7DF2A67383B}.Release|ARM.Build.0 = Release|ARM
		{3C64A5D8-1FD6-40C2-86C1-B7DF2A67383B}.Release|ARM.Deploy.0 = Release|ARM
		{3C64A5D8-1FD6-40C2-86C1-B7DF2A67383B}.Release|iPhone.ActiveCfg = Release|x86
		{3C64A5D8-1FD6-40C2-86C1-B7DF2A67383B}.Release|iPhoneSimulator.ActiveCfg = Release|x86
		{3C64A5D8-1FD6-40C2-86C1-B7DF2A67383B}.Release|x64.ActiveCfg = Release|x64
		{3C64A5D8-1FD6-40C2-86C1-B7DF2A67383B}.Release|x64.Build.0 = Release|x64
		{3C64A5D8-1FD6-40C2-86C1-B7DF2A67383B}.Release|x64.Deploy.0 = Release|x64
		{3C64A5D8-1FD6-40C2-86C1-B7DF2A67383B}.Release|x86.ActiveCfg = Release|x86
		{3C64A5D8-1FD6-40C2-86C1-B7DF2A67383B}.Release|x86.Build.0 = Release|x86
		{3C64A5D8-1FD6-40C2-86C1-B7DF2A67383B}.Release|x86.Deploy.0 = Release|x86
		{59013653-DE32-448F-8B87-6CCC764DD6F2}.Ad-Hoc|Any CPU.ActiveCfg = Release|Any CPU
		{59013653-DE32-448F-8B87-6CCC764DD6F2}.Ad-Hoc|Any CPU.Build.0 = Release|Any CPU
		{59013653-DE32-448F-8B87-6CCC764DD6F2}.Ad-Hoc|Any CPU.Deploy.0 = Release|Any CPU
		{59013653-DE32-448F-8B87-6CCC764DD6F2}.Ad-Hoc|ARM.ActiveCfg = Release|ARM
		{59013653-DE32-448F-8B87-6CCC764DD6F2}.Ad-Hoc|ARM.Build.0 = Release|ARM
		{59013653-DE32-448F-8B87-6CCC764DD6F2}.Ad-Hoc|ARM.Deploy.0 = Release|ARM
		{59013653-DE32-448F-8B87-6CCC764DD6F2}.Ad-Hoc|iPhone.ActiveCfg = Release|Any CPU
		{59013653-DE32-448F-8B87-6CCC764DD6F2}.Ad-Hoc|iPhone.Build.0 = Release|Any CPU
		{59013653-DE32-448F-8B87-6CCC764DD6F2}.Ad-Hoc|iPhone.Deploy.0 = Release|Any CPU
		{59013653-DE32-448F-8B87-6CCC764DD6F2}.Ad-Hoc|iPhoneSimulator.ActiveCfg = Release|Any CPU
		{59013653-DE32-448F-8B87-6CCC764DD6F2}.Ad-Hoc|iPhoneSimulator.Build.0 = Release|Any CPU
		{59013653-DE32-448F-8B87-6CCC764DD6F2}.Ad-Hoc|iPhoneSimulator.Deploy.0 = Release|Any CPU
		{59013653-DE32-448F-8B87-6CCC764DD6F2}.Ad-Hoc|x64.ActiveCfg = Release|x64
		{59013653-DE32-448F-8B87-6CCC764DD6F2}.Ad-Hoc|x64.Build.0 = Release|x64
		{59013653-DE32-448F-8B87-6CCC764DD6F2}.Ad-Hoc|x64.Deploy.0 = Release|x64
		{59013653-DE32-448F-8B87-6CCC764DD6F2}.Ad-Hoc|x86.ActiveCfg = Release|x86
		{59013653-DE32-448F-8B87-6CCC764DD6F2}.Ad-Hoc|x86.Build.0 = Release|x86
		{59013653-DE32-448F-8B87-6CCC764DD6F2}.Ad-Hoc|x86.Deploy.0 = Release|x86
		{59013653-DE32-448F-8B87-6CCC764DD6F2}.AppStore|Any CPU.ActiveCfg = Release|Any CPU
		{59013653-DE32-448F-8B87-6CCC764DD6F2}.AppStore|Any CPU.Build.0 = Release|Any CPU
		{59013653-DE32-448F-8B87-6CCC764DD6F2}.AppStore|Any CPU.Deploy.0 = Release|Any CPU
		{59013653-DE32-448F-8B87-6CCC764DD6F2}.AppStore|ARM.ActiveCfg = Release|ARM
		{59013653-DE32-448F-8B87-6CCC764DD6F2}.AppStore|ARM.Build.0 = Release|ARM
		{59013653-DE32-448F-8B87-6CCC764DD6F2}.AppStore|ARM.Deploy.0 = Release|ARM
		{59013653-DE32-448F-8B87-6CCC764DD6F2}.AppStore|iPhone.ActiveCfg = Release|Any CPU
		{59013653-DE32-448F-8B87-6CCC764DD6F2}.AppStore|iPhone.Build.0 = Release|Any CPU
		{59013653-DE32-448F-8B87-6CCC764DD6F2}.AppStore|iPhone.Deploy.0 = Release|Any CPU
		{59013653-DE32-448F-8B87-6CCC764DD6F2}.AppStore|iPhoneSimulator.ActiveCfg = Release|Any CPU
		{59013653-DE32-448F-8B87-6CCC764DD6F2}.AppStore|iPhoneSimulator.Build.0 = Release|Any CPU
		{59013653-DE32-448F-8B87-6CCC764DD6F2}.AppStore|iPhoneSimulator.Deploy.0 = Release|Any CPU
		{59013653-DE32-448F-8B87-6CCC764DD6F2}.AppStore|x64.ActiveCfg = Release|x64
		{59013653-DE32-448F-8B87-6CCC764DD6F2}.AppStore|x64.Build.0 = Release|x64
		{59013653-DE32-448F-8B87-6CCC764DD6F2}.AppStore|x64.Deploy.0 = Release|x64
		{59013653-DE32-448F-8B87-6CCC764DD6F2}.AppStore|x86.ActiveCfg = Release|x86
		{59013653-DE32-448F-8B87-6CCC764DD6F2}.AppStore|x86.Build.0 = Release|x86
		{59013653-DE32-448F-8B87-6CCC764DD6F2}.AppStore|x86.Deploy.0 = Release|x86
		{59013653-DE32-448F-8B87-6CCC764DD6F2}.Debug|Any CPU.ActiveCfg = Debug|Any CPU
		{59013653-DE32-448F-8B87-6CCC764DD6F2}.Debug|Any CPU.Build.0 = Debug|Any CPU
		{59013653-DE32-448F-8B87-6CCC764DD6F2}.Debug|Any CPU.Deploy.0 = Debug|Any CPU
		{59013653-DE32-448F-8B87-6CCC764DD6F2}.Debug|ARM.ActiveCfg = Debug|ARM
		{59013653-DE32-448F-8B87-6CCC764DD6F2}.Debug|ARM.Build.0 = Debug|ARM
		{59013653-DE32-448F-8B87-6CCC764DD6F2}.Debug|ARM.Deploy.0 = Debug|ARM
		{59013653-DE32-448F-8B87-6CCC764DD6F2}.Debug|iPhone.ActiveCfg = Debug|Any CPU
		{59013653-DE32-448F-8B87-6CCC764DD6F2}.Debug|iPhone.Build.0 = Debug|Any CPU
		{59013653-DE32-448F-8B87-6CCC764DD6F2}.Debug|iPhone.Deploy.0 = Debug|Any CPU
		{59013653-DE32-448F-8B87-6CCC764DD6F2}.Debug|iPhoneSimulator.ActiveCfg = Debug|Any CPU
		{59013653-DE32-448F-8B87-6CCC764DD6F2}.Debug|iPhoneSimulator.Build.0 = Debug|Any CPU
		{59013653-DE32-448F-8B87-6CCC764DD6F2}.Debug|iPhoneSimulator.Deploy.0 = Debug|Any CPU
		{59013653-DE32-448F-8B87-6CCC764DD6F2}.Debug|x64.ActiveCfg = Debug|x64
		{59013653-DE32-448F-8B87-6CCC764DD6F2}.Debug|x64.Build.0 = Debug|x64
		{59013653-DE32-448F-8B87-6CCC764DD6F2}.Debug|x64.Deploy.0 = Debug|x64
		{59013653-DE32-448F-8B87-6CCC764DD6F2}.Debug|x86.ActiveCfg = Debug|x86
		{59013653-DE32-448F-8B87-6CCC764DD6F2}.Debug|x86.Build.0 = Debug|x86
		{59013653-DE32-448F-8B87-6CCC764DD6F2}.Debug|x86.Deploy.0 = Debug|x86
		{59013653-DE32-448F-8B87-6CCC764DD6F2}.Release|Any CPU.ActiveCfg = Release|Any CPU
		{59013653-DE32-448F-8B87-6CCC764DD6F2}.Release|Any CPU.Build.0 = Release|Any CPU
		{59013653-DE32-448F-8B87-6CCC764DD6F2}.Release|Any CPU.Deploy.0 = Release|Any CPU
		{59013653-DE32-448F-8B87-6CCC764DD6F2}.Release|ARM.ActiveCfg = Release|ARM
		{59013653-DE32-448F-8B87-6CCC764DD6F2}.Release|ARM.Build.0 = Release|ARM
		{59013653-DE32-448F-8B87-6CCC764DD6F2}.Release|ARM.Deploy.0 = Release|ARM
		{59013653-DE32-448F-8B87-6CCC764DD6F2}.Release|iPhone.ActiveCfg = Release|Any CPU
		{59013653-DE32-448F-8B87-6CCC764DD6F2}.Release|iPhone.Build.0 = Release|Any CPU
		{59013653-DE32-448F-8B87-6CCC764DD6F2}.Release|iPhone.Deploy.0 = Release|Any CPU
		{59013653-DE32-448F-8B87-6CCC764DD6F2}.Release|iPhoneSimulator.ActiveCfg = Release|Any CPU
		{59013653-DE32-448F-8B87-6CCC764DD6F2}.Release|iPhoneSimulator.Build.0 = Release|Any CPU
		{59013653-DE32-448F-8B87-6CCC764DD6F2}.Release|iPhoneSimulator.Deploy.0 = Release|Any CPU
		{59013653-DE32-448F-8B87-6CCC764DD6F2}.Release|x64.ActiveCfg = Release|x64
		{59013653-DE32-448F-8B87-6CCC764DD6F2}.Release|x64.Build.0 = Release|x64
		{59013653-DE32-448F-8B87-6CCC764DD6F2}.Release|x64.Deploy.0 = Release|x64
		{59013653-DE32-448F-8B87-6CCC764DD6F2}.Release|x86.ActiveCfg = Release|x86
		{59013653-DE32-448F-8B87-6CCC764DD6F2}.Release|x86.Build.0 = Release|x86
		{59013653-DE32-448F-8B87-6CCC764DD6F2}.Release|x86.Deploy.0 = Release|x86
		{EF6676CD-FD71-4713-B8A3-454AB1925CF3}.Ad-Hoc|Any CPU.ActiveCfg = Release|Any CPU
		{EF6676CD-FD71-4713-B8A3-454AB1925CF3}.Ad-Hoc|Any CPU.Build.0 = Release|Any CPU
		{EF6676CD-FD71-4713-B8A3-454AB1925CF3}.Ad-Hoc|Any CPU.Deploy.0 = Release|Any CPU
		{EF6676CD-FD71-4713-B8A3-454AB1925CF3}.Ad-Hoc|ARM.ActiveCfg = Release|Any CPU
		{EF6676CD-FD71-4713-B8A3-454AB1925CF3}.Ad-Hoc|ARM.Build.0 = Release|Any CPU
		{EF6676CD-FD71-4713-B8A3-454AB1925CF3}.Ad-Hoc|ARM.Deploy.0 = Release|Any CPU
		{EF6676CD-FD71-4713-B8A3-454AB1925CF3}.Ad-Hoc|iPhone.ActiveCfg = Release|Any CPU
		{EF6676CD-FD71-4713-B8A3-454AB1925CF3}.Ad-Hoc|iPhone.Build.0 = Release|Any CPU
		{EF6676CD-FD71-4713-B8A3-454AB1925CF3}.Ad-Hoc|iPhone.Deploy.0 = Release|Any CPU
		{EF6676CD-FD71-4713-B8A3-454AB1925CF3}.Ad-Hoc|iPhoneSimulator.ActiveCfg = Release|Any CPU
		{EF6676CD-FD71-4713-B8A3-454AB1925CF3}.Ad-Hoc|iPhoneSimulator.Build.0 = Release|Any CPU
		{EF6676CD-FD71-4713-B8A3-454AB1925CF3}.Ad-Hoc|iPhoneSimulator.Deploy.0 = Release|Any CPU
		{EF6676CD-FD71-4713-B8A3-454AB1925CF3}.Ad-Hoc|x64.ActiveCfg = Release|Any CPU
		{EF6676CD-FD71-4713-B8A3-454AB1925CF3}.Ad-Hoc|x64.Build.0 = Release|Any CPU
		{EF6676CD-FD71-4713-B8A3-454AB1925CF3}.Ad-Hoc|x64.Deploy.0 = Release|Any CPU
		{EF6676CD-FD71-4713-B8A3-454AB1925CF3}.Ad-Hoc|x86.ActiveCfg = Release|Any CPU
		{EF6676CD-FD71-4713-B8A3-454AB1925CF3}.Ad-Hoc|x86.Build.0 = Release|Any CPU
		{EF6676CD-FD71-4713-B8A3-454AB1925CF3}.Ad-Hoc|x86.Deploy.0 = Release|Any CPU
		{EF6676CD-FD71-4713-B8A3-454AB1925CF3}.AppStore|Any CPU.ActiveCfg = Release|Any CPU
		{EF6676CD-FD71-4713-B8A3-454AB1925CF3}.AppStore|Any CPU.Build.0 = Release|Any CPU
		{EF6676CD-FD71-4713-B8A3-454AB1925CF3}.AppStore|Any CPU.Deploy.0 = Release|Any CPU
		{EF6676CD-FD71-4713-B8A3-454AB1925CF3}.AppStore|ARM.ActiveCfg = Release|Any CPU
		{EF6676CD-FD71-4713-B8A3-454AB1925CF3}.AppStore|ARM.Build.0 = Release|Any CPU
		{EF6676CD-FD71-4713-B8A3-454AB1925CF3}.AppStore|ARM.Deploy.0 = Release|Any CPU
		{EF6676CD-FD71-4713-B8A3-454AB1925CF3}.AppStore|iPhone.ActiveCfg = Release|Any CPU
		{EF6676CD-FD71-4713-B8A3-454AB1925CF3}.AppStore|iPhone.Build.0 = Release|Any CPU
		{EF6676CD-FD71-4713-B8A3-454AB1925CF3}.AppStore|iPhone.Deploy.0 = Release|Any CPU
		{EF6676CD-FD71-4713-B8A3-454AB1925CF3}.AppStore|iPhoneSimulator.ActiveCfg = Release|Any CPU
		{EF6676CD-FD71-4713-B8A3-454AB1925CF3}.AppStore|iPhoneSimulator.Build.0 = Release|Any CPU
		{EF6676CD-FD71-4713-B8A3-454AB1925CF3}.AppStore|iPhoneSimulator.Deploy.0 = Release|Any CPU
		{EF6676CD-FD71-4713-B8A3-454AB1925CF3}.AppStore|x64.ActiveCfg = Release|Any CPU
		{EF6676CD-FD71-4713-B8A3-454AB1925CF3}.AppStore|x64.Build.0 = Release|Any CPU
		{EF6676CD-FD71-4713-B8A3-454AB1925CF3}.AppStore|x64.Deploy.0 = Release|Any CPU
		{EF6676CD-FD71-4713-B8A3-454AB1925CF3}.AppStore|x86.ActiveCfg = Release|Any CPU
		{EF6676CD-FD71-4713-B8A3-454AB1925CF3}.AppStore|x86.Build.0 = Release|Any CPU
		{EF6676CD-FD71-4713-B8A3-454AB1925CF3}.AppStore|x86.Deploy.0 = Release|Any CPU
		{EF6676CD-FD71-4713-B8A3-454AB1925CF3}.Debug|Any CPU.ActiveCfg = Debug|Any CPU
		{EF6676CD-FD71-4713-B8A3-454AB1925CF3}.Debug|Any CPU.Build.0 = Debug|Any CPU
		{EF6676CD-FD71-4713-B8A3-454AB1925CF3}.Debug|Any CPU.Deploy.0 = Debug|Any CPU
		{EF6676CD-FD71-4713-B8A3-454AB1925CF3}.Debug|ARM.ActiveCfg = Debug|Any CPU
		{EF6676CD-FD71-4713-B8A3-454AB1925CF3}.Debug|ARM.Build.0 = Debug|Any CPU
		{EF6676CD-FD71-4713-B8A3-454AB1925CF3}.Debug|ARM.Deploy.0 = Debug|Any CPU
		{EF6676CD-FD71-4713-B8A3-454AB1925CF3}.Debug|iPhone.ActiveCfg = Debug|Any CPU
		{EF6676CD-FD71-4713-B8A3-454AB1925CF3}.Debug|iPhone.Build.0 = Debug|Any CPU
		{EF6676CD-FD71-4713-B8A3-454AB1925CF3}.Debug|iPhone.Deploy.0 = Debug|Any CPU
		{EF6676CD-FD71-4713-B8A3-454AB1925CF3}.Debug|iPhoneSimulator.ActiveCfg = Debug|Any CPU
		{EF6676CD-FD71-4713-B8A3-454AB1925CF3}.Debug|iPhoneSimulator.Build.0 = Debug|Any CPU
		{EF6676CD-FD71-4713-B8A3-454AB1925CF3}.Debug|iPhoneSimulator.Deploy.0 = Debug|Any CPU
		{EF6676CD-FD71-4713-B8A3-454AB1925CF3}.Debug|x64.ActiveCfg = Debug|Any CPU
		{EF6676CD-FD71-4713-B8A3-454AB1925CF3}.Debug|x64.Build.0 = Debug|Any CPU
		{EF6676CD-FD71-4713-B8A3-454AB1925CF3}.Debug|x64.Deploy.0 = Debug|Any CPU
		{EF6676CD-FD71-4713-B8A3-454AB1925CF3}.Debug|x86.ActiveCfg = Debug|Any CPU
		{EF6676CD-FD71-4713-B8A3-454AB1925CF3}.Debug|x86.Build.0 = Debug|Any CPU
		{EF6676CD-FD71-4713-B8A3-454AB1925CF3}.Debug|x86.Deploy.0 = Debug|Any CPU
		{EF6676CD-FD71-4713-B8A3-454AB1925CF3}.Release|Any CPU.ActiveCfg = Release|Any CPU
		{EF6676CD-FD71-4713-B8A3-454AB1925CF3}.Release|Any CPU.Build.0 = Release|Any CPU
		{EF6676CD-FD71-4713-B8A3-454AB1925CF3}.Release|Any CPU.Deploy.0 = Release|Any CPU
		{EF6676CD-FD71-4713-B8A3-454AB1925CF3}.Release|ARM.ActiveCfg = Release|Any CPU
		{EF6676CD-FD71-4713-B8A3-454AB1925CF3}.Release|ARM.Build.0 = Release|Any CPU
		{EF6676CD-FD71-4713-B8A3-454AB1925CF3}.Release|ARM.Deploy.0 = Release|Any CPU
		{EF6676CD-FD71-4713-B8A3-454AB1925CF3}.Release|iPhone.ActiveCfg = Release|Any CPU
		{EF6676CD-FD71-4713-B8A3-454AB1925CF3}.Release|iPhone.Build.0 = Release|Any CPU
		{EF6676CD-FD71-4713-B8A3-454AB1925CF3}.Release|iPhone.Deploy.0 = Release|Any CPU
		{EF6676CD-FD71-4713-B8A3-454AB1925CF3}.Release|iPhoneSimulator.ActiveCfg = Release|Any CPU
		{EF6676CD-FD71-4713-B8A3-454AB1925CF3}.Release|iPhoneSimulator.Build.0 = Release|Any CPU
		{EF6676CD-FD71-4713-B8A3-454AB1925CF3}.Release|iPhoneSimulator.Deploy.0 = Release|Any CPU
		{EF6676CD-FD71-4713-B8A3-454AB1925CF3}.Release|x64.ActiveCfg = Release|Any CPU
		{EF6676CD-FD71-4713-B8A3-454AB1925CF3}.Release|x64.Build.0 = Release|Any CPU
		{EF6676CD-FD71-4713-B8A3-454AB1925CF3}.Release|x64.Deploy.0 = Release|Any CPU
		{EF6676CD-FD71-4713-B8A3-454AB1925CF3}.Release|x86.ActiveCfg = Release|Any CPU
		{EF6676CD-FD71-4713-B8A3-454AB1925CF3}.Release|x86.Build.0 = Release|Any CPU
		{EF6676CD-FD71-4713-B8A3-454AB1925CF3}.Release|x86.Deploy.0 = Release|Any CPU
		{31E7B92B-FCC5-4B7B-AA20-37AA9C365629}.Ad-Hoc|Any CPU.ActiveCfg = Debug|Any CPU
		{31E7B92B-FCC5-4B7B-AA20-37AA9C365629}.Ad-Hoc|Any CPU.Build.0 = Debug|Any CPU
		{31E7B92B-FCC5-4B7B-AA20-37AA9C365629}.Ad-Hoc|ARM.ActiveCfg = Debug|Any CPU
		{31E7B92B-FCC5-4B7B-AA20-37AA9C365629}.Ad-Hoc|ARM.Build.0 = Debug|Any CPU
		{31E7B92B-FCC5-4B7B-AA20-37AA9C365629}.Ad-Hoc|iPhone.ActiveCfg = Debug|Any CPU
		{31E7B92B-FCC5-4B7B-AA20-37AA9C365629}.Ad-Hoc|iPhone.Build.0 = Debug|Any CPU
		{31E7B92B-FCC5-4B7B-AA20-37AA9C365629}.Ad-Hoc|iPhoneSimulator.ActiveCfg = Debug|Any CPU
		{31E7B92B-FCC5-4B7B-AA20-37AA9C365629}.Ad-Hoc|iPhoneSimulator.Build.0 = Debug|Any CPU
		{31E7B92B-FCC5-4B7B-AA20-37AA9C365629}.Ad-Hoc|x64.ActiveCfg = Debug|Any CPU
		{31E7B92B-FCC5-4B7B-AA20-37AA9C365629}.Ad-Hoc|x64.Build.0 = Debug|Any CPU
		{31E7B92B-FCC5-4B7B-AA20-37AA9C365629}.Ad-Hoc|x86.ActiveCfg = Debug|Any CPU
		{31E7B92B-FCC5-4B7B-AA20-37AA9C365629}.Ad-Hoc|x86.Build.0 = Debug|Any CPU
		{31E7B92B-FCC5-4B7B-AA20-37AA9C365629}.AppStore|Any CPU.ActiveCfg = Debug|Any CPU
		{31E7B92B-FCC5-4B7B-AA20-37AA9C365629}.AppStore|Any CPU.Build.0 = Debug|Any CPU
		{31E7B92B-FCC5-4B7B-AA20-37AA9C365629}.AppStore|ARM.ActiveCfg = Debug|Any CPU
		{31E7B92B-FCC5-4B7B-AA20-37AA9C365629}.AppStore|ARM.Build.0 = Debug|Any CPU
		{31E7B92B-FCC5-4B7B-AA20-37AA9C365629}.AppStore|iPhone.ActiveCfg = Debug|Any CPU
		{31E7B92B-FCC5-4B7B-AA20-37AA9C365629}.AppStore|iPhone.Build.0 = Debug|Any CPU
		{31E7B92B-FCC5-4B7B-AA20-37AA9C365629}.AppStore|iPhoneSimulator.ActiveCfg = Debug|Any CPU
		{31E7B92B-FCC5-4B7B-AA20-37AA9C365629}.AppStore|iPhoneSimulator.Build.0 = Debug|Any CPU
		{31E7B92B-FCC5-4B7B-AA20-37AA9C365629}.AppStore|x64.ActiveCfg = Debug|Any CPU
		{31E7B92B-FCC5-4B7B-AA20-37AA9C365629}.AppStore|x64.Build.0 = Debug|Any CPU
		{31E7B92B-FCC5-4B7B-AA20-37AA9C365629}.AppStore|x86.ActiveCfg = Debug|Any CPU
		{31E7B92B-FCC5-4B7B-AA20-37AA9C365629}.AppStore|x86.Build.0 = Debug|Any CPU
		{31E7B92B-FCC5-4B7B-AA20-37AA9C365629}.Debug|Any CPU.ActiveCfg = Debug|Any CPU
		{31E7B92B-FCC5-4B7B-AA20-37AA9C365629}.Debug|Any CPU.Build.0 = Debug|Any CPU
		{31E7B92B-FCC5-4B7B-AA20-37AA9C365629}.Debug|ARM.ActiveCfg = Debug|Any CPU
		{31E7B92B-FCC5-4B7B-AA20-37AA9C365629}.Debug|ARM.Build.0 = Debug|Any CPU
		{31E7B92B-FCC5-4B7B-AA20-37AA9C365629}.Debug|iPhone.ActiveCfg = Debug|Any CPU
		{31E7B92B-FCC5-4B7B-AA20-37AA9C365629}.Debug|iPhone.Build.0 = Debug|Any CPU
		{31E7B92B-FCC5-4B7B-AA20-37AA9C365629}.Debug|iPhoneSimulator.ActiveCfg = Debug|Any CPU
		{31E7B92B-FCC5-4B7B-AA20-37AA9C365629}.Debug|iPhoneSimulator.Build.0 = Debug|Any CPU
		{31E7B92B-FCC5-4B7B-AA20-37AA9C365629}.Debug|x64.ActiveCfg = Debug|Any CPU
		{31E7B92B-FCC5-4B7B-AA20-37AA9C365629}.Debug|x64.Build.0 = Debug|Any CPU
		{31E7B92B-FCC5-4B7B-AA20-37AA9C365629}.Debug|x86.ActiveCfg = Debug|Any CPU
		{31E7B92B-FCC5-4B7B-AA20-37AA9C365629}.Debug|x86.Build.0 = Debug|Any CPU
		{31E7B92B-FCC5-4B7B-AA20-37AA9C365629}.Release|Any CPU.ActiveCfg = Release|Any CPU
		{31E7B92B-FCC5-4B7B-AA20-37AA9C365629}.Release|Any CPU.Build.0 = Release|Any CPU
		{31E7B92B-FCC5-4B7B-AA20-37AA9C365629}.Release|ARM.ActiveCfg = Release|Any CPU
		{31E7B92B-FCC5-4B7B-AA20-37AA9C365629}.Release|ARM.Build.0 = Release|Any CPU
		{31E7B92B-FCC5-4B7B-AA20-37AA9C365629}.Release|iPhone.ActiveCfg = Release|Any CPU
		{31E7B92B-FCC5-4B7B-AA20-37AA9C365629}.Release|iPhone.Build.0 = Release|Any CPU
		{31E7B92B-FCC5-4B7B-AA20-37AA9C365629}.Release|iPhoneSimulator.ActiveCfg = Release|Any CPU
		{31E7B92B-FCC5-4B7B-AA20-37AA9C365629}.Release|iPhoneSimulator.Build.0 = Release|Any CPU
		{31E7B92B-FCC5-4B7B-AA20-37AA9C365629}.Release|x64.ActiveCfg = Release|Any CPU
		{31E7B92B-FCC5-4B7B-AA20-37AA9C365629}.Release|x64.Build.0 = Release|Any CPU
		{31E7B92B-FCC5-4B7B-AA20-37AA9C365629}.Release|x86.ActiveCfg = Release|Any CPU
		{31E7B92B-FCC5-4B7B-AA20-37AA9C365629}.Release|x86.Build.0 = Release|Any CPU
		{CDD4EA46-214D-45EC-9211-CA8E71D7C310}.Ad-Hoc|Any CPU.ActiveCfg = Debug|Any CPU
		{CDD4EA46-214D-45EC-9211-CA8E71D7C310}.Ad-Hoc|Any CPU.Build.0 = Debug|Any CPU
		{CDD4EA46-214D-45EC-9211-CA8E71D7C310}.Ad-Hoc|ARM.ActiveCfg = Debug|Any CPU
		{CDD4EA46-214D-45EC-9211-CA8E71D7C310}.Ad-Hoc|ARM.Build.0 = Debug|Any CPU
		{CDD4EA46-214D-45EC-9211-CA8E71D7C310}.Ad-Hoc|iPhone.ActiveCfg = Debug|Any CPU
		{CDD4EA46-214D-45EC-9211-CA8E71D7C310}.Ad-Hoc|iPhone.Build.0 = Debug|Any CPU
		{CDD4EA46-214D-45EC-9211-CA8E71D7C310}.Ad-Hoc|iPhoneSimulator.ActiveCfg = Debug|Any CPU
		{CDD4EA46-214D-45EC-9211-CA8E71D7C310}.Ad-Hoc|iPhoneSimulator.Build.0 = Debug|Any CPU
		{CDD4EA46-214D-45EC-9211-CA8E71D7C310}.Ad-Hoc|x64.ActiveCfg = Debug|Any CPU
		{CDD4EA46-214D-45EC-9211-CA8E71D7C310}.Ad-Hoc|x64.Build.0 = Debug|Any CPU
		{CDD4EA46-214D-45EC-9211-CA8E71D7C310}.Ad-Hoc|x86.ActiveCfg = Debug|Any CPU
		{CDD4EA46-214D-45EC-9211-CA8E71D7C310}.Ad-Hoc|x86.Build.0 = Debug|Any CPU
		{CDD4EA46-214D-45EC-9211-CA8E71D7C310}.AppStore|Any CPU.ActiveCfg = Debug|Any CPU
		{CDD4EA46-214D-45EC-9211-CA8E71D7C310}.AppStore|Any CPU.Build.0 = Debug|Any CPU
		{CDD4EA46-214D-45EC-9211-CA8E71D7C310}.AppStore|ARM.ActiveCfg = Debug|Any CPU
		{CDD4EA46-214D-45EC-9211-CA8E71D7C310}.AppStore|ARM.Build.0 = Debug|Any CPU
		{CDD4EA46-214D-45EC-9211-CA8E71D7C310}.AppStore|iPhone.ActiveCfg = Debug|Any CPU
		{CDD4EA46-214D-45EC-9211-CA8E71D7C310}.AppStore|iPhone.Build.0 = Debug|Any CPU
		{CDD4EA46-214D-45EC-9211-CA8E71D7C310}.AppStore|iPhoneSimulator.ActiveCfg = Debug|Any CPU
		{CDD4EA46-214D-45EC-9211-CA8E71D7C310}.AppStore|iPhoneSimulator.Build.0 = Debug|Any CPU
		{CDD4EA46-214D-45EC-9211-CA8E71D7C310}.AppStore|x64.ActiveCfg = Debug|Any CPU
		{CDD4EA46-214D-45EC-9211-CA8E71D7C310}.AppStore|x64.Build.0 = Debug|Any CPU
		{CDD4EA46-214D-45EC-9211-CA8E71D7C310}.AppStore|x86.ActiveCfg = Debug|Any CPU
		{CDD4EA46-214D-45EC-9211-CA8E71D7C310}.AppStore|x86.Build.0 = Debug|Any CPU
		{CDD4EA46-214D-45EC-9211-CA8E71D7C310}.Debug|Any CPU.ActiveCfg = Debug|Any CPU
		{CDD4EA46-214D-45EC-9211-CA8E71D7C310}.Debug|Any CPU.Build.0 = Debug|Any CPU
		{CDD4EA46-214D-45EC-9211-CA8E71D7C310}.Debug|ARM.ActiveCfg = Debug|Any CPU
		{CDD4EA46-214D-45EC-9211-CA8E71D7C310}.Debug|ARM.Build.0 = Debug|Any CPU
		{CDD4EA46-214D-45EC-9211-CA8E71D7C310}.Debug|iPhone.ActiveCfg = Debug|Any CPU
		{CDD4EA46-214D-45EC-9211-CA8E71D7C310}.Debug|iPhone.Build.0 = Debug|Any CPU
		{CDD4EA46-214D-45EC-9211-CA8E71D7C310}.Debug|iPhoneSimulator.ActiveCfg = Debug|Any CPU
		{CDD4EA46-214D-45EC-9211-CA8E71D7C310}.Debug|iPhoneSimulator.Build.0 = Debug|Any CPU
		{CDD4EA46-214D-45EC-9211-CA8E71D7C310}.Debug|x64.ActiveCfg = Debug|Any CPU
		{CDD4EA46-214D-45EC-9211-CA8E71D7C310}.Debug|x64.Build.0 = Debug|Any CPU
		{CDD4EA46-214D-45EC-9211-CA8E71D7C310}.Debug|x86.ActiveCfg = Debug|Any CPU
		{CDD4EA46-214D-45EC-9211-CA8E71D7C310}.Debug|x86.Build.0 = Debug|Any CPU
		{CDD4EA46-214D-45EC-9211-CA8E71D7C310}.Release|Any CPU.ActiveCfg = Release|Any CPU
		{CDD4EA46-214D-45EC-9211-CA8E71D7C310}.Release|Any CPU.Build.0 = Release|Any CPU
		{CDD4EA46-214D-45EC-9211-CA8E71D7C310}.Release|ARM.ActiveCfg = Release|Any CPU
		{CDD4EA46-214D-45EC-9211-CA8E71D7C310}.Release|ARM.Build.0 = Release|Any CPU
		{CDD4EA46-214D-45EC-9211-CA8E71D7C310}.Release|iPhone.ActiveCfg = Release|Any CPU
		{CDD4EA46-214D-45EC-9211-CA8E71D7C310}.Release|iPhone.Build.0 = Release|Any CPU
		{CDD4EA46-214D-45EC-9211-CA8E71D7C310}.Release|iPhoneSimulator.ActiveCfg = Release|Any CPU
		{CDD4EA46-214D-45EC-9211-CA8E71D7C310}.Release|iPhoneSimulator.Build.0 = Release|Any CPU
		{CDD4EA46-214D-45EC-9211-CA8E71D7C310}.Release|x64.ActiveCfg = Release|Any CPU
		{CDD4EA46-214D-45EC-9211-CA8E71D7C310}.Release|x64.Build.0 = Release|Any CPU
		{CDD4EA46-214D-45EC-9211-CA8E71D7C310}.Release|x86.ActiveCfg = Release|Any CPU
		{CDD4EA46-214D-45EC-9211-CA8E71D7C310}.Release|x86.Build.0 = Release|Any CPU
		{F08DAAD5-5306-430A-A4F3-771991ABB42D}.Ad-Hoc|Any CPU.ActiveCfg = Release|Any CPU
		{F08DAAD5-5306-430A-A4F3-771991ABB42D}.Ad-Hoc|Any CPU.Build.0 = Release|Any CPU
		{F08DAAD5-5306-430A-A4F3-771991ABB42D}.Ad-Hoc|ARM.ActiveCfg = Release|Any CPU
		{F08DAAD5-5306-430A-A4F3-771991ABB42D}.Ad-Hoc|ARM.Build.0 = Release|Any CPU
		{F08DAAD5-5306-430A-A4F3-771991ABB42D}.Ad-Hoc|iPhone.ActiveCfg = Release|Any CPU
		{F08DAAD5-5306-430A-A4F3-771991ABB42D}.Ad-Hoc|iPhone.Build.0 = Release|Any CPU
		{F08DAAD5-5306-430A-A4F3-771991ABB42D}.Ad-Hoc|iPhoneSimulator.ActiveCfg = Release|Any CPU
		{F08DAAD5-5306-430A-A4F3-771991ABB42D}.Ad-Hoc|iPhoneSimulator.Build.0 = Release|Any CPU
		{F08DAAD5-5306-430A-A4F3-771991ABB42D}.Ad-Hoc|x64.ActiveCfg = Release|Any CPU
		{F08DAAD5-5306-430A-A4F3-771991ABB42D}.Ad-Hoc|x64.Build.0 = Release|Any CPU
		{F08DAAD5-5306-430A-A4F3-771991ABB42D}.Ad-Hoc|x86.ActiveCfg = Release|Any CPU
		{F08DAAD5-5306-430A-A4F3-771991ABB42D}.Ad-Hoc|x86.Build.0 = Release|Any CPU
		{F08DAAD5-5306-430A-A4F3-771991ABB42D}.AppStore|Any CPU.ActiveCfg = Release|Any CPU
		{F08DAAD5-5306-430A-A4F3-771991ABB42D}.AppStore|Any CPU.Build.0 = Release|Any CPU
		{F08DAAD5-5306-430A-A4F3-771991ABB42D}.AppStore|ARM.ActiveCfg = Release|Any CPU
		{F08DAAD5-5306-430A-A4F3-771991ABB42D}.AppStore|ARM.Build.0 = Release|Any CPU
		{F08DAAD5-5306-430A-A4F3-771991ABB42D}.AppStore|iPhone.ActiveCfg = Release|Any CPU
		{F08DAAD5-5306-430A-A4F3-771991ABB42D}.AppStore|iPhone.Build.0 = Release|Any CPU
		{F08DAAD5-5306-430A-A4F3-771991ABB42D}.AppStore|iPhoneSimulator.ActiveCfg = Release|Any CPU
		{F08DAAD5-5306-430A-A4F3-771991ABB42D}.AppStore|iPhoneSimulator.Build.0 = Release|Any CPU
		{F08DAAD5-5306-430A-A4F3-771991ABB42D}.AppStore|x64.ActiveCfg = Release|Any CPU
		{F08DAAD5-5306-430A-A4F3-771991ABB42D}.AppStore|x64.Build.0 = Release|Any CPU
		{F08DAAD5-5306-430A-A4F3-771991ABB42D}.AppStore|x86.ActiveCfg = Release|Any CPU
		{F08DAAD5-5306-430A-A4F3-771991ABB42D}.AppStore|x86.Build.0 = Release|Any CPU
		{F08DAAD5-5306-430A-A4F3-771991ABB42D}.Debug|Any CPU.ActiveCfg = Debug|Any CPU
		{F08DAAD5-5306-430A-A4F3-771991ABB42D}.Debug|Any CPU.Build.0 = Debug|Any CPU
		{F08DAAD5-5306-430A-A4F3-771991ABB42D}.Debug|ARM.ActiveCfg = Debug|Any CPU
		{F08DAAD5-5306-430A-A4F3-771991ABB42D}.Debug|ARM.Build.0 = Debug|Any CPU
		{F08DAAD5-5306-430A-A4F3-771991ABB42D}.Debug|iPhone.ActiveCfg = Debug|Any CPU
		{F08DAAD5-5306-430A-A4F3-771991ABB42D}.Debug|iPhone.Build.0 = Debug|Any CPU
		{F08DAAD5-5306-430A-A4F3-771991ABB42D}.Debug|iPhoneSimulator.ActiveCfg = Debug|Any CPU
		{F08DAAD5-5306-430A-A4F3-771991ABB42D}.Debug|iPhoneSimulator.Build.0 = Debug|Any CPU
		{F08DAAD5-5306-430A-A4F3-771991ABB42D}.Debug|x64.ActiveCfg = Debug|Any CPU
		{F08DAAD5-5306-430A-A4F3-771991ABB42D}.Debug|x64.Build.0 = Debug|Any CPU
		{F08DAAD5-5306-430A-A4F3-771991ABB42D}.Debug|x86.ActiveCfg = Debug|Any CPU
		{F08DAAD5-5306-430A-A4F3-771991ABB42D}.Debug|x86.Build.0 = Debug|Any CPU
		{F08DAAD5-5306-430A-A4F3-771991ABB42D}.Release|Any CPU.ActiveCfg = Release|Any CPU
		{F08DAAD5-5306-430A-A4F3-771991ABB42D}.Release|Any CPU.Build.0 = Release|Any CPU
		{F08DAAD5-5306-430A-A4F3-771991ABB42D}.Release|ARM.ActiveCfg = Release|Any CPU
		{F08DAAD5-5306-430A-A4F3-771991ABB42D}.Release|ARM.Build.0 = Release|Any CPU
		{F08DAAD5-5306-430A-A4F3-771991ABB42D}.Release|iPhone.ActiveCfg = Release|Any CPU
		{F08DAAD5-5306-430A-A4F3-771991ABB42D}.Release|iPhone.Build.0 = Release|Any CPU
		{F08DAAD5-5306-430A-A4F3-771991ABB42D}.Release|iPhoneSimulator.ActiveCfg = Release|Any CPU
		{F08DAAD5-5306-430A-A4F3-771991ABB42D}.Release|iPhoneSimulator.Build.0 = Release|Any CPU
		{F08DAAD5-5306-430A-A4F3-771991ABB42D}.Release|x64.ActiveCfg = Release|Any CPU
		{F08DAAD5-5306-430A-A4F3-771991ABB42D}.Release|x64.Build.0 = Release|Any CPU
		{F08DAAD5-5306-430A-A4F3-771991ABB42D}.Release|x86.ActiveCfg = Release|Any CPU
		{F08DAAD5-5306-430A-A4F3-771991ABB42D}.Release|x86.Build.0 = Release|Any CPU
	EndGlobalSection
	GlobalSection(SolutionProperties) = preSolution
		HideSolutionNode = FALSE
	EndGlobalSection
	GlobalSection(NestedProjects) = preSolution
		{EF6676CD-FD71-4713-B8A3-454AB1925CF3} = {098738CE-9224-47FF-9669-3F64FA4ED1FD}
		{31E7B92B-FCC5-4B7B-AA20-37AA9C365629} = {C4A81B4C-B853-4997-AC06-CF017C621E4E}
		{CDD4EA46-214D-45EC-9211-CA8E71D7C310} = {C4A81B4C-B853-4997-AC06-CF017C621E4E}
		{F08DAAD5-5306-430A-A4F3-771991ABB42D} = {C4A81B4C-B853-4997-AC06-CF017C621E4E}
	EndGlobalSection
EndGlobal
